
Microsoft Visual Studio Solution File, Format Version 12.00
# Visual Studio Version 17
VisualStudioVersion = 17.4.33110.190
MinimumVisualStudioVersion = 10.0.40219.1
Project("{9A19103F-16F7-4668-BE54-9A1E7A4F7556}") = "CompareTheTriplets", "CompareTheTriplets\CompareTheTriplets.csproj", "{603991E0-30BC-4D66-9F49-28303E2A4C6E}"
EndProject
Project("{9A19103F-16F7-4668-BE54-9A1E7A4F7556}") = "AVeryBigSum", "AVeryBigSum\AVeryBigSum.csproj", "{71581EAC-CB33-421F-BA3C-29D04C379197}"
EndProject
Project("{9A19103F-16F7-4668-BE54-9A1E7A4F7556}") = "DiagonalDifference", "DiagonalDifference\DiagonalDifference.csproj", "{3CEBA2D3-DCF9-4604-ACCC-B7B8958ECAD1}"
EndProject
Project("{9A19103F-16F7-4668-BE54-9A1E7A4F7556}") = "PlusMinus", "PlusMinus\PlusMinus.csproj", "{D73B5784-EAB3-45BC-82B2-28151B44A92C}"
EndProject
Project("{9A19103F-16F7-4668-BE54-9A1E7A4F7556}") = "Staircase", "Staircase\Staircase.csproj", "{BC15A7BA-848B-42B3-97F8-A26664741873}"
EndProject
Project("{9A19103F-16F7-4668-BE54-9A1E7A4F7556}") = "Mini-MaxSum", "Mini-MaxSum\Mini-MaxSum.csproj", "{5C80A548-4704-421E-AC14-72C7B3CCF2B2}"
EndProject
Project("{9A19103F-16F7-4668-BE54-9A1E7A4F7556}") = "BirthdayCakeCandles", "BirthdayCakeCandles\BirthdayCakeCandles.csproj", "{EFF753AB-22B9-4AF7-A9A3-6F37B156B8E3}"
EndProject
Project("{9A19103F-16F7-4668-BE54-9A1E7A4F7556}") = "TimeConversion", "TimeConversion\TimeConversion.csproj", "{328C3D39-9E51-4DE8-BD9E-85BFBBE511E3}"
EndProject
Project("{2150E333-8FDC-42A3-9474-1A3956D46DE8}") = "algorithms", "algorithms", "{0C9EE36B-7C12-4A50-B153-722E86D5A14F}"
EndProject
Project("{2150E333-8FDC-42A3-9474-1A3956D46DE8}") = "warmup", "warmup", "{41D6B527-145F-4C2D-9804-8C95BF279B28}"
EndProject
Project("{2150E333-8FDC-42A3-9474-1A3956D46DE8}") = "greedy", "greedy", "{64A95092-5DD3-4437-A651-AE06D23AEB0E}"
EndProject
Project("{9A19103F-16F7-4668-BE54-9A1E7A4F7556}") = "BeautifulPairs", "BeautifulPairs\BeautifulPairs.csproj", "{07232AAB-F065-404B-AF0A-5023A4EC4556}"
EndProject
Project("{9A19103F-16F7-4668-BE54-9A1E7A4F7556}") = "SherlockAndTheBeast", "SherlockAndTheBeast\SherlockAndTheBeast.csproj", "{437003AB-331B-4D52-95D3-BEEBD6129FFB}"
EndProject
Project("{9A19103F-16F7-4668-BE54-9A1E7A4F7556}") = "TestProject", "TestProject\TestProject.csproj", "{C8C4034D-AB8A-49AB-9FE8-369CC12E9BAB}"
EndProject
Project("{9A19103F-16F7-4668-BE54-9A1E7A4F7556}") = "PriyankaAndToys", "PriyankaAndToys\PriyankaAndToys.csproj", "{66995858-CD8F-4CE3-8ED9-6F0EB0AF6182}"
EndProject
Project("{9A19103F-16F7-4668-BE54-9A1E7A4F7556}") = "LargestPermutation", "LargestPermutation\LargestPermutation.csproj", "{F4EBC7D7-3BA1-498F-A3A7-E2B406A9DAED}"
EndProject
Project("{2150E333-8FDC-42A3-9474-1A3956D46DE8}") = "sorting", "sorting", "{5A1F6F05-0DC4-406F-B5C1-851BAA7730DB}"
EndProject
Project("{FAE04EC0-301F-11D3-BF4B-00C04F79EFBC}") = "InsertionSorting1", "InsertionSorting1\InsertionSorting1.csproj", "{6F0C4942-61D9-4F49-B6C3-277A7EFD4A5D}"
EndProject
Global
	GlobalSection(SolutionConfigurationPlatforms) = preSolution
		Debug|Any CPU = Debug|Any CPU
		Release|Any CPU = Release|Any CPU
	EndGlobalSection
	GlobalSection(ProjectConfigurationPlatforms) = postSolution
		{603991E0-30BC-4D66-9F49-28303E2A4C6E}.Debug|Any CPU.ActiveCfg = Debug|Any CPU
		{603991E0-30BC-4D66-9F49-28303E2A4C6E}.Debug|Any CPU.Build.0 = Debug|Any CPU
		{603991E0-30BC-4D66-9F49-28303E2A4C6E}.Release|Any CPU.ActiveCfg = Release|Any CPU
		{603991E0-30BC-4D66-9F49-28303E2A4C6E}.Release|Any CPU.Build.0 = Release|Any CPU
		{71581EAC-CB33-421F-BA3C-29D04C379197}.Debug|Any CPU.ActiveCfg = Debug|Any CPU
		{71581EAC-CB33-421F-BA3C-29D04C379197}.Debug|Any CPU.Build.0 = Debug|Any CPU
		{71581EAC-CB33-421F-BA3C-29D04C379197}.Release|Any CPU.ActiveCfg = Release|Any CPU
		{71581EAC-CB33-421F-BA3C-29D04C379197}.Release|Any CPU.Build.0 = Release|Any CPU
		{3CEBA2D3-DCF9-4604-ACCC-B7B8958ECAD1}.Debug|Any CPU.ActiveCfg = Debug|Any CPU
		{3CEBA2D3-DCF9-4604-ACCC-B7B8958ECAD1}.Debug|Any CPU.Build.0 = Debug|Any CPU
		{3CEBA2D3-DCF9-4604-ACCC-B7B8958ECAD1}.Release|Any CPU.ActiveCfg = Release|Any CPU
		{3CEBA2D3-DCF9-4604-ACCC-B7B8958ECAD1}.Release|Any CPU.Build.0 = Release|Any CPU
		{D73B5784-EAB3-45BC-82B2-28151B44A92C}.Debug|Any CPU.ActiveCfg = Debug|Any CPU
		{D73B5784-EAB3-45BC-82B2-28151B44A92C}.Debug|Any CPU.Build.0 = Debug|Any CPU
		{D73B5784-EAB3-45BC-82B2-28151B44A92C}.Release|Any CPU.ActiveCfg = Release|Any CPU
		{D73B5784-EAB3-45BC-82B2-28151B44A92C}.Release|Any CPU.Build.0 = Release|Any CPU
		{BC15A7BA-848B-42B3-97F8-A26664741873}.Debug|Any CPU.ActiveCfg = Debug|Any CPU
		{BC15A7BA-848B-42B3-97F8-A26664741873}.Debug|Any CPU.Build.0 = Debug|Any CPU
		{BC15A7BA-848B-42B3-97F8-A26664741873}.Release|Any CPU.ActiveCfg = Release|Any CPU
		{BC15A7BA-848B-42B3-97F8-A26664741873}.Release|Any CPU.Build.0 = Release|Any CPU
		{5C80A548-4704-421E-AC14-72C7B3CCF2B2}.Debug|Any CPU.ActiveCfg = Debug|Any CPU
		{5C80A548-4704-421E-AC14-72C7B3CCF2B2}.Debug|Any CPU.Build.0 = Debug|Any CPU
		{5C80A548-4704-421E-AC14-72C7B3CCF2B2}.Release|Any CPU.ActiveCfg = Release|Any CPU
		{5C80A548-4704-421E-AC14-72C7B3CCF2B2}.Release|Any CPU.Build.0 = Release|Any CPU
		{EFF753AB-22B9-4AF7-A9A3-6F37B156B8E3}.Debug|Any CPU.ActiveCfg = Debug|Any CPU
		{EFF753AB-22B9-4AF7-A9A3-6F37B156B8E3}.Debug|Any CPU.Build.0 = Debug|Any CPU
		{EFF753AB-22B9-4AF7-A9A3-6F37B156B8E3}.Release|Any CPU.ActiveCfg = Release|Any CPU
		{EFF753AB-22B9-4AF7-A9A3-6F37B156B8E3}.Release|Any CPU.Build.0 = Release|Any CPU
		{328C3D39-9E51-4DE8-BD9E-85BFBBE511E3}.Debug|Any CPU.ActiveCfg = Debug|Any CPU
		{328C3D39-9E51-4DE8-BD9E-85BFBBE511E3}.Debug|Any CPU.Build.0 = Debug|Any CPU
		{328C3D39-9E51-4DE8-BD9E-85BFBBE511E3}.Release|Any CPU.ActiveCfg = Release|Any CPU
		{328C3D39-9E51-4DE8-BD9E-85BFBBE511E3}.Release|Any CPU.Build.0 = Release|Any CPU
		{07232AAB-F065-404B-AF0A-5023A4EC4556}.Debug|Any CPU.ActiveCfg = Debug|Any CPU
		{07232AAB-F065-404B-AF0A-5023A4EC4556}.Debug|Any CPU.Build.0 = Debug|Any CPU
		{07232AAB-F065-404B-AF0A-5023A4EC4556}.Release|Any CPU.ActiveCfg = Release|Any CPU
		{07232AAB-F065-404B-AF0A-5023A4EC4556}.Release|Any CPU.Build.0 = Release|Any CPU
		{437003AB-331B-4D52-95D3-BEEBD6129FFB}.Debug|Any CPU.ActiveCfg = Debug|Any CPU
		{437003AB-331B-4D52-95D3-BEEBD6129FFB}.Debug|Any CPU.Build.0 = Debug|Any CPU
		{437003AB-331B-4D52-95D3-BEEBD6129FFB}.Release|Any CPU.ActiveCfg = Release|Any CPU
		{437003AB-331B-4D52-95D3-BEEBD6129FFB}.Release|Any CPU.Build.0 = Release|Any CPU
		{C8C4034D-AB8A-49AB-9FE8-369CC12E9BAB}.Debug|Any CPU.ActiveCfg = Debug|Any CPU
		{C8C4034D-AB8A-49AB-9FE8-369CC12E9BAB}.Debug|Any CPU.Build.0 = Debug|Any CPU
		{C8C4034D-AB8A-49AB-9FE8-369CC12E9BAB}.Release|Any CPU.ActiveCfg = Release|Any CPU
		{C8C4034D-AB8A-49AB-9FE8-369CC12E9BAB}.Release|Any CPU.Build.0 = Release|Any CPU
		{66995858-CD8F-4CE3-8ED9-6F0EB0AF6182}.Debug|Any CPU.ActiveCfg = Debug|Any CPU
		{66995858-CD8F-4CE3-8ED9-6F0EB0AF6182}.Debug|Any CPU.Build.0 = Debug|Any CPU
		{66995858-CD8F-4CE3-8ED9-6F0EB0AF6182}.Release|Any CPU.ActiveCfg = Release|Any CPU
		{66995858-CD8F-4CE3-8ED9-6F0EB0AF6182}.Release|Any CPU.Build.0 = Release|Any CPU
		{F4EBC7D7-3BA1-498F-A3A7-E2B406A9DAED}.Debug|Any CPU.ActiveCfg = Debug|Any CPU
		{F4EBC7D7-3BA1-498F-A3A7-E2B406A9DAED}.Debug|Any CPU.Build.0 = Debug|Any CPU
		{F4EBC7D7-3BA1-498F-A3A7-E2B406A9DAED}.Release|Any CPU.ActiveCfg = Release|Any CPU
		{F4EBC7D7-3BA1-498F-A3A7-E2B406A9DAED}.Release|Any CPU.Build.0 = Release|Any CPU
		{6F0C4942-61D9-4F49-B6C3-277A7EFD4A5D}.Debug|Any CPU.ActiveCfg = Debug|Any CPU
		{6F0C4942-61D9-4F49-B6C3-277A7EFD4A5D}.Debug|Any CPU.Build.0 = Debug|Any CPU
		{6F0C4942-61D9-4F49-B6C3-277A7EFD4A5D}.Release|Any CPU.ActiveCfg = Release|Any CPU
		{6F0C4942-61D9-4F49-B6C3-277A7EFD4A5D}.Release|Any CPU.Build.0 = Release|Any CPU
	EndGlobalSection
	GlobalSection(SolutionProperties) = preSolution
		HideSolutionNode = FALSE
	EndGlobalSection
	GlobalSection(NestedProjects) = preSolution
		{603991E0-30BC-4D66-9F49-28303E2A4C6E} = {41D6B527-145F-4C2D-9804-8C95BF279B28}
		{71581EAC-CB33-421F-BA3C-29D04C379197} = {41D6B527-145F-4C2D-9804-8C95BF279B28}
		{3CEBA2D3-DCF9-4604-ACCC-B7B8958ECAD1} = {41D6B527-145F-4C2D-9804-8C95BF279B28}
		{D73B5784-EAB3-45BC-82B2-28151B44A92C} = {41D6B527-145F-4C2D-9804-8C95BF279B28}
		{BC15A7BA-848B-42B3-97F8-A26664741873} = {41D6B527-145F-4C2D-9804-8C95BF279B28}
		{5C80A548-4704-421E-AC14-72C7B3CCF2B2} = {41D6B527-145F-4C2D-9804-8C95BF279B28}
		{EFF753AB-22B9-4AF7-A9A3-6F37B156B8E3} = {41D6B527-145F-4C2D-9804-8C95BF279B28}
		{328C3D39-9E51-4DE8-BD9E-85BFBBE511E3} = {41D6B527-145F-4C2D-9804-8C95BF279B28}
		{41D6B527-145F-4C2D-9804-8C95BF279B28} = {0C9EE36B-7C12-4A50-B153-722E86D5A14F}
		{64A95092-5DD3-4437-A651-AE06D23AEB0E} = {0C9EE36B-7C12-4A50-B153-722E86D5A14F}
		{07232AAB-F065-404B-AF0A-5023A4EC4556} = {64A95092-5DD3-4437-A651-AE06D23AEB0E}
		{437003AB-331B-4D52-95D3-BEEBD6129FFB} = {64A95092-5DD3-4437-A651-AE06D23AEB0E}
		{66995858-CD8F-4CE3-8ED9-6F0EB0AF6182} = {64A95092-5DD3-4437-A651-AE06D23AEB0E}
		{F4EBC7D7-3BA1-498F-A3A7-E2B406A9DAED} = {64A95092-5DD3-4437-A651-AE06D23AEB0E}
		{5A1F6F05-0DC4-406F-B5C1-851BAA7730DB} = {0C9EE36B-7C12-4A50-B153-722E86D5A14F}
		{6F0C4942-61D9-4F49-B6C3-277A7EFD4A5D} = {5A1F6F05-0DC4-406F-B5C1-851BAA7730DB}
	EndGlobalSection
	GlobalSection(ExtensibilityGlobals) = postSolution
		SolutionGuid = {4E0AB943-97C3-4F30-A05E-3E4EA6A785C5}
	EndGlobalSection
EndGlobal
